Microsoft Visual Studio Solution File, Format Version 12.00
# Visual Studio Version 17
VisualStudioVersion = 17.13.35825.156
MinimumVisualStudioVersion = 10.0.40219.1
Project("{FAE04EC0-301F-11D3-BF4B-00C04F79EFBC}") = "Hango", "Hango\Hango.csproj", "{E3FD1145-45D9-4CE0-85AE-E38D543918C2}"
EndProject
Project("{FAE04EC0-301F-11D3-BF4B-00C04F79EFBC}") = "Hango.Datos", "Hango.Datos\Hango.Datos.csproj", "{C2715C13-F08C-4104-814D-2F62FCA82467}"
EndProject
Project("{FAE04EC0-301F-11D3-BF4B-00C04F79EFBC}") = "Hango.Tests", "Hango.Tests\Hango.Tests.csproj", "{7617E564-0507-4A92-9A6F-A61E2CA463D8}"
EndProject
Project("{FAE04EC0-301F-11D3-BF4B-00C04F79EFBC}") = "Hango.Logica", "Hango.Logica\Hango.Logica.csproj", "{4EE34621-C7AB-5075-A01C-B7FE28258E18}"
EndProject
Project("{2150E333-8FDC-42A3-9474-1A3956D46DE8}") = "Solution Items", "Solution Items", "{8EC462FD-D22E-90A8-E5CE-7E832BA40C5D}"
	ProjectSection(SolutionItems) = preProject
		.gitignore = .gitignore
	EndProjectSection
EndProject
Project("{FAE04EC0-301F-11D3-BF4B-00C04F79EFBC}") = "Hango.Repositorios", "Hango.Repositorios\Hango.Repositorios.csproj", "{951B4AC4-F5DA-4B34-9B92-554D8618048A}"
EndProject
Global
	GlobalSection(SolutionConfigurationPlatforms) = preSolution
		Debug|Any CPU = Debug|Any CPU
		Release|Any CPU = Release|Any CPU
	EndGlobalSection
	GlobalSection(ProjectConfigurationPlatforms) = postSolution
		{E3FD1145-45D9-4CE0-85AE-E38D543918C2}.Debug|Any CPU.ActiveCfg = Debug|Any CPU
		{E3FD1145-45D9-4CE0-85AE-E38D543918C2}.Debug|Any CPU.Build.0 = Debug|Any CPU
		{E3FD1145-45D9-4CE0-85AE-E38D543918C2}.Release|Any CPU.ActiveCfg = Release|Any CPU
		{E3FD1145-45D9-4CE0-85AE-E38D543918C2}.Release|Any CPU.Build.0 = Release|Any CPU
		{C2715C13-F08C-4104-814D-2F62FCA82467}.Debug|Any CPU.ActiveCfg = Debug|Any CPU
		{C2715C13-F08C-4104-814D-2F62FCA82467}.Debug|Any CPU.Build.0 = Debug|Any CPU
		{C2715C13-F08C-4104-814D-2F62FCA82467}.Release|Any CPU.ActiveCfg = Release|Any CPU
		{C2715C13-F08C-4104-814D-2F62FCA82467}.Release|Any CPU.Build.0 = Release|Any CPU
		{7617E564-0507-4A92-9A6F-A61E2CA463D8}.Debug|Any CPU.ActiveCfg = Debug|Any CPU
		{7617E564-0507-4A92-9A6F-A61E2CA463D8}.Debug|Any CPU.Build.0 = Debug|Any CPU
		{7617E564-0507-4A92-9A6F-A61E2CA463D8}.Release|Any CPU.ActiveCfg = Release|Any CPU
		{7617E564-0507-4A92-9A6F-A61E2CA463D8}.Release|Any CPU.Build.0 = Release|Any CPU
		{4EE34621-C7AB-5075-A01C-B7FE28258E18}.Debug|Any CPU.ActiveCfg = Debug|Any CPU
		{4EE34621-C7AB-5075-A01C-B7FE28258E18}.Debug|Any CPU.Build.0 = Debug|Any CPU
		{4EE34621-C7AB-5075-A01C-B7FE28258E18}.Release|Any CPU.ActiveCfg = Release|Any CPU
		{4EE34621-C7AB-5075-A01C-B7FE28258E18}.Release|Any CPU.Build.0 = Release|Any CPU
		{951B4AC4-F5DA-4B34-9B92-554D8618048A}.Debug|Any CPU.ActiveCfg = Debug|Any CPU
		{951B4AC4-F5DA-4B34-9B92-554D8618048A}.Debug|Any CPU.Build.0 = Debug|Any CPU
		{951B4AC4-F5DA-4B34-9B92-554D8618048A}.Release|Any CPU.ActiveCfg = Release|Any CPU
		{951B4AC4-F5DA-4B34-9B92-554D8618048A}.Release|Any CPU.Build.0 = Release|Any CPU
	EndGlobalSection
	GlobalSection(SolutionProperties) = preSolution
		HideSolutionNode = FALSE
	EndGlobalSection
	GlobalSection(ExtensibilityGlobals) = postSolution
		SolutionGuid = {E64625AD-BA0C-4E3C-92E0-4783EC0CACCE}
	EndGlobalSection
EndGlobal
